{
  "meteor": {},
  "dependencies": {
    "basePackages": {
      "fs": {}
    },
    "packages": {
      "fs": {
        "git": "https://github.com/peerlibrary/meteor-fs.git",
        "tag": "v0.1.4",
        "commit": "621152ae48435802219aff8bc38b4895731d152d"
      },
      "assert": {
        "git": "https://github.com/peerlibrary/meteor-assert.git",
        "tag": "v0.2.4",
        "commit": "e81fb4ac29a621eafbd99e63660048a3c827c0fb"
      },
      "blocking": {
        "git": "https://github.com/peerlibrary/meteor-blocking.git",
        "tag": "v0.4.1",
        "commit": "512354e9721d931c7884b56fbb3b419d060ae8da"
      }
    }
  }
}
