{
  "meteor": {},
  "dependencies": {
    "basePackages": {
      "fs": {}
    },
    "packages": {
      "fs": {
        "git": "https://github.com/peerlibrary/meteor-fs.git",
        "tag": "v0.1.2",
        "commit": "069d7fcaeb5df000a57238fde2785faf6dc1c37c"
      },
      "assert": {
        "git": "https://github.com/peerlibrary/meteor-assert.git",
        "tag": "v0.2.3",
        "commit": "9c838fbf5053a9f4c9ea21cad8e2fef8f1374e7c"
      },
      "blocking": {
        "git": "https://github.com/peerlibrary/meteor-blocking.git",
        "tag": "v0.4.0",
        "commit": "e25a0be72e771b317b26d2bb5758c983bdcef23c"
      }
    }
  }
}
